
Microsoft Visual Studio Solution File, Format Version 12.00
# Visual Studio Version 16
VisualStudioVersion = 16.0.31005.135
MinimumVisualStudioVersion = 10.0.40219.1
Project("{FAE04EC0-301F-11D3-BF4B-00C04F79EFBC}") = "Teams", "Teams\Teams.csproj", "{B6EF9135-F244-433D-9249-B110221ECCC0}"
EndProject
Project("{FAE04EC0-301F-11D3-BF4B-00C04F79EFBC}") = "TeamIntegrationTests", "TeamIntegrationTests\TeamIntegrationTests.csproj", "{CD012E57-14D3-4427-AC9F-47E049A7B1A1}"
EndProject
Global
	GlobalSection(SolutionConfigurationPlatforms) = preSolution
		Debug|Any CPU = Debug|Any CPU
		Release|Any CPU = Release|Any CPU
	EndGlobalSection
	GlobalSection(ProjectConfigurationPlatforms) = postSolution
		{B6EF9135-F244-433D-9249-B110221ECCC0}.Debug|Any CPU.ActiveCfg = Debug|Any CPU
		{B6EF9135-F244-433D-9249-B110221ECCC0}.Debug|Any CPU.Build.0 = Debug|Any CPU
		{B6EF9135-F244-433D-9249-B110221ECCC0}.Release|Any CPU.ActiveCfg = Release|Any CPU
		{B6EF9135-F244-433D-9249-B110221ECCC0}.Release|Any CPU.Build.0 = Release|Any CPU
		{CD012E57-14D3-4427-AC9F-47E049A7B1A1}.Debug|Any CPU.ActiveCfg = Debug|Any CPU
		{CD012E57-14D3-4427-AC9F-47E049A7B1A1}.Debug|Any CPU.Build.0 = Debug|Any CPU
		{CD012E57-14D3-4427-AC9F-47E049A7B1A1}.Release|Any CPU.ActiveCfg = Release|Any CPU
		{CD012E57-14D3-4427-AC9F-47E049A7B1A1}.Release|Any CPU.Build.0 = Release|Any CPU
	EndGlobalSection
	GlobalSection(SolutionProperties) = preSolution
		HideSolutionNode = FALSE
	EndGlobalSection
	GlobalSection(ExtensibilityGlobals) = postSolution
		SolutionGuid = {E78A0B83-FD99-42FF-AC90-FB689C2696B2}
	EndGlobalSection
EndGlobal
